
Microsoft Visual Studio Solution File, Format Version 12.00
# Visual Studio Version 17
VisualStudioVersion = 17.1.32319.34
MinimumVisualStudioVersion = 10.0.40219.1
Project("{FAE04EC0-301F-11D3-BF4B-00C04F79EFBC}") = "SalesWeb-CSharp", "SalesWeb-CSharp\SalesWeb-CSharp.csproj", "{BDFE0D99-8F87-4F16-943F-B794C7F97D63}"
EndProject
Global
	GlobalSection(SolutionConfigurationPlatforms) = preSolution
		Debug|Any CPU = Debug|Any CPU
		Release|Any CPU = Release|Any CPU
	EndGlobalSection
	GlobalSection(ProjectConfigurationPlatforms) = postSolution
		{BDFE0D99-8F87-4F16-943F-B794C7F97D63}.Debug|Any CPU.ActiveCfg = Debug|Any CPU
		{BDFE0D99-8F87-4F16-943F-B794C7F97D63}.Debug|Any CPU.Build.0 = Debug|Any CPU
		{BDFE0D99-8F87-4F16-943F-B794C7F97D63}.Release|Any CPU.ActiveCfg = Release|Any CPU
		{BDFE0D99-8F87-4F16-943F-B794C7F97D63}.Release|Any CPU.Build.0 = Release|Any CPU
	EndGlobalSection
	GlobalSection(SolutionProperties) = preSolution
		HideSolutionNode = FALSE
	EndGlobalSection
	GlobalSection(ExtensibilityGlobals) = postSolution
		SolutionGuid = {53C56BC5-01F3-4C5E-8638-FD0C13F66D7D}
	EndGlobalSection
EndGlobal
